
Microsoft Visual Studio Solution File, Format Version 12.00
# Visual Studio 15
VisualStudioVersion = 15.0.28307.757
MinimumVisualStudioVersion = 10.0.40219.1
Project("{8BC9CEB8-8B4A-11D0-8D11-00A0C91BC942}") = "CharaterMove_Auto", "CharaterMove_Auto\CharaterMove_Auto.vcxproj", "{8F0C0747-283A-47B1-A1AF-0DBF4CB89833}"
EndProject
Global
	GlobalSection(SolutionConfigurationPlatforms) = preSolution
		Debug|x64 = Debug|x64
		Debug|x86 = Debug|x86
		Release|x64 = Release|x64
		Release|x86 = Release|x86
	EndGlobalSection
	GlobalSection(ProjectConfigurationPlatforms) = postSolution
		{8F0C0747-283A-47B1-A1AF-0DBF4CB89833}.Debug|x64.ActiveCfg = Debug|x64
		{8F0C0747-283A-47B1-A1AF-0DBF4CB89833}.Debug|x64.Build.0 = Debug|x64
		{8F0C0747-283A-47B1-A1AF-0DBF4CB89833}.Debug|x86.ActiveCfg = Debug|Win32
		{8F0C0747-283A-47B1-A1AF-0DBF4CB89833}.Debug|x86.Build.0 = Debug|Win32
		{8F0C0747-283A-47B1-A1AF-0DBF4CB89833}.Release|x64.ActiveCfg = Release|x64
		{8F0C0747-283A-47B1-A1AF-0DBF4CB89833}.Release|x64.Build.0 = Release|x64
		{8F0C0747-283A-47B1-A1AF-0DBF4CB89833}.Release|x86.ActiveCfg = Release|Win32
		{8F0C0747-283A-47B1-A1AF-0DBF4CB89833}.Release|x86.Build.0 = Release|Win32
	EndGlobalSection
	GlobalSection(SolutionProperties) = preSolution
		HideSolutionNode = FALSE
	EndGlobalSection
	GlobalSection(ExtensibilityGlobals) = postSolution
		SolutionGuid = {54B37C08-FC4C-4CCF-8F22-79873285AA33}
	EndGlobalSection
EndGlobal
